
Microsoft Visual Studio Solution File, Format Version 12.00
# Visual Studio Version 17
VisualStudioVersion = 17.4.33205.214
MinimumVisualStudioVersion = 10.0.40219.1
Project("{9A19103F-16F7-4668-BE54-9A1E7A4F7556}") = "BudgetTracker", "BudgetTracker\BudgetTracker.csproj", "{1C9D135E-429D-4471-A223-C49D9B631949}"
EndProject
Project("{FAE04EC0-301F-11D3-BF4B-00C04F79EFBC}") = "BudgetTrackerTests", "BudgetTrackerTests\BudgetTrackerTests.csproj", "{6ADF0E54-5C89-4B6A-973F-7FEB222971BE}"
	ProjectSection(ProjectDependencies) = postProject
		{1C9D135E-429D-4471-A223-C49D9B631949} = {1C9D135E-429D-4471-A223-C49D9B631949}
	EndProjectSection
EndProject
Global
	GlobalSection(SolutionConfigurationPlatforms) = preSolution
		Debug|Any CPU = Debug|Any CPU
		Release|Any CPU = Release|Any CPU
	EndGlobalSection
	GlobalSection(ProjectConfigurationPlatforms) = postSolution
		{1C9D135E-429D-4471-A223-C49D9B631949}.Debug|Any CPU.ActiveCfg = Debug|Any CPU
		{1C9D135E-429D-4471-A223-C49D9B631949}.Debug|Any CPU.Build.0 = Debug|Any CPU
		{1C9D135E-429D-4471-A223-C49D9B631949}.Release|Any CPU.ActiveCfg = Release|Any CPU
		{1C9D135E-429D-4471-A223-C49D9B631949}.Release|Any CPU.Build.0 = Release|Any CPU
		{6ADF0E54-5C89-4B6A-973F-7FEB222971BE}.Debug|Any CPU.ActiveCfg = Debug|Any CPU
		{6ADF0E54-5C89-4B6A-973F-7FEB222971BE}.Debug|Any CPU.Build.0 = Debug|Any CPU
		{6ADF0E54-5C89-4B6A-973F-7FEB222971BE}.Release|Any CPU.ActiveCfg = Release|Any CPU
		{6ADF0E54-5C89-4B6A-973F-7FEB222971BE}.Release|Any CPU.Build.0 = Release|Any CPU
	EndGlobalSection
	GlobalSection(SolutionProperties) = preSolution
		HideSolutionNode = FALSE
	EndGlobalSection
	GlobalSection(ExtensibilityGlobals) = postSolution
		SolutionGuid = {E26E8F72-1315-4416-8B09-19FCA1F8C04A}
	EndGlobalSection
EndGlobal
